
Microsoft Visual Studio Solution File, Format Version 12.00
# Visual Studio Version 16
VisualStudioVersion = 16.0.30517.126
MinimumVisualStudioVersion = 10.0.40219.1
Project("{FAE04EC0-301F-11D3-BF4B-00C04F79EFBC}") = "ConverterXamarinAndroid", "ConverterXamarinAndroid.csproj", "{1C411E1B-07A0-4AD8-A68D-BF4D110C0031}"
EndProject
Global
	GlobalSection(SolutionConfigurationPlatforms) = preSolution
		Debug|Any CPU = Debug|Any CPU
		Release|Any CPU = Release|Any CPU
	EndGlobalSection
	GlobalSection(ProjectConfigurationPlatforms) = postSolution
		{1C411E1B-07A0-4AD8-A68D-BF4D110C0031}.Debug|Any CPU.ActiveCfg = Debug|Any CPU
		{1C411E1B-07A0-4AD8-A68D-BF4D110C0031}.Debug|Any CPU.Build.0 = Debug|Any CPU
		{1C411E1B-07A0-4AD8-A68D-BF4D110C0031}.Debug|Any CPU.Deploy.0 = Debug|Any CPU
		{1C411E1B-07A0-4AD8-A68D-BF4D110C0031}.Release|Any CPU.ActiveCfg = Release|Any CPU
		{1C411E1B-07A0-4AD8-A68D-BF4D110C0031}.Release|Any CPU.Build.0 = Release|Any CPU
		{1C411E1B-07A0-4AD8-A68D-BF4D110C0031}.Release|Any CPU.Deploy.0 = Release|Any CPU
	EndGlobalSection
	GlobalSection(SolutionProperties) = preSolution
		HideSolutionNode = FALSE
	EndGlobalSection
	GlobalSection(ExtensibilityGlobals) = postSolution
		SolutionGuid = {0CB16C7D-5933-448D-9C84-B507514D83DB}
	EndGlobalSection
EndGlobal
